
Microsoft Visual Studio Solution File, Format Version 12.00
# Visual Studio Version 16
VisualStudioVersion = 16.0.29728.190
MinimumVisualStudioVersion = 10.0.40219.1
Project("{8BC9CEB8-8B4A-11D0-8D11-00A0C91BC942}") = "OcrTesseractVC", "OcrTesseractVC\OcrTesseractVC.vcxproj", "{50B57F0C-90D0-4ABB-A0F2-65FF9501268C}"
EndProject
Project("{8BC9CEB8-8B4A-11D0-8D11-00A0C91BC942}") = "opencv_changing_contrast_brightness_image", "opencv_changing_contrast_brightness_image\opencv_changing_contrast_brightness_image.vcxproj", "{FB1361E3-1151-4150-99B9-8F78D7FF0FA7}"
EndProject
Project("{8BC9CEB8-8B4A-11D0-8D11-00A0C91BC942}") = "opencv_threshold_convert2gray", "opencv_threshold_convert2gray\opencv_threshold_convert2gray.vcxproj", "{FFC53CC6-1289-432C-B069-74AAF4EDA657}"
EndProject
Project("{2150E333-8FDC-42A3-9474-1A3956D46DE8}") = "OpenCV", "OpenCV", "{4E1BCA91-E8DD-418A-85D1-3F74567E0BDD}"
EndProject
Project("{8BC9CEB8-8B4A-11D0-8D11-00A0C91BC942}") = "opencv_morphology_1", "opencv_morphology_1\opencv_morphology_1.vcxproj", "{1392D725-BE31-46C0-895E-E4CC1F3D7D20}"
EndProject
Project("{8BC9CEB8-8B4A-11D0-8D11-00A0C91BC942}") = "opencv_morphology_2", "opencv_morphology_2\opencv_morphology_2.vcxproj", "{B2442E71-836D-4C26-827F-671798D5BE44}"
EndProject
Project("{8BC9CEB8-8B4A-11D0-8D11-00A0C91BC942}") = "basic_change_contrast_brightness", "basic_change_contrast_brightness\basic_change_contrast_brightness.vcxproj", "{EC7D9EAB-A4A2-40CB-9B18-52BFA6C736E3}"
EndProject
Project("{8BC9CEB8-8B4A-11D0-8D11-00A0C91BC942}") = "periodic_noise_removing_filter", "periodic_noise_removing_filter\periodic_noise_removing_filter.vcxproj", "{7A20402F-905C-44A4-876A-30350F28634F}"
EndProject
Project("{8BC9CEB8-8B4A-11D0-8D11-00A0C91BC942}") = "out_of_focus_deblur_filter", "out_of_focus_deblur_filter\out_of_focus_deblur_filter.vcxproj", "{DE1A91D4-8BF4-43E6-B9C5-9A4AC6909B66}"
EndProject
Project("{8BC9CEB8-8B4A-11D0-8D11-00A0C91BC942}") = "motion_deblur_filter", "motion_deblur_filter\motion_deblur_filter.vcxproj", "{0897AECC-89E1-4498-84BD-CEAC7597499C}"
EndProject
Project("{8BC9CEB8-8B4A-11D0-8D11-00A0C91BC942}") = "opencv_morphology_3", "opencv_morphology_3\opencv_morphology_3.vcxproj", "{1D7C2F0C-B0A3-4CE5-8CB4-916497EF7388}"
EndProject
Project("{8BC9CEB8-8B4A-11D0-8D11-00A0C91BC942}") = "basic_drawing_1", "basic_drawing_1\basic_drawing_1.vcxproj", "{CB48949D-5C80-4C31-ADC9-A6254DB183E0}"
EndProject
Project("{8BC9CEB8-8B4A-11D0-8D11-00A0C91BC942}") = "basic_drawing_2", "basic_drawing_2\basic_drawing_2.vcxproj", "{806B2F25-B5AA-4223-B6C9-926BB2AF809E}"
EndProject
Project("{8BC9CEB8-8B4A-11D0-8D11-00A0C91BC942}") = "anisotropic_image_segmentation", "anisotropic_image_segmentation\anisotropic_image_segmentation.vcxproj", "{BA42AEFC-3E01-4B6A-8A63-5A771E46FF75}"
EndProject
Project("{8BC9CEB8-8B4A-11D0-8D11-00A0C91BC942}") = "image_pyramids_pyrDown_pyrUp", "image_pyramids_pyrDown_pyrUp\image_pyramids_pyrDown_pyrUp.vcxproj", "{48E55B11-D077-426C-AA0C-1625B4D99B09}"
EndProject
Project("{8BC9CEB8-8B4A-11D0-8D11-00A0C91BC942}") = "fillters_smoothing", "fillters_smoothing\fillters_smoothing.vcxproj", "{8F0C1D39-FCCE-4DA4-BA88-A9F160703962}"
EndProject
Project("{8BC9CEB8-8B4A-11D0-8D11-00A0C91BC942}") = "dnn_text_detection", "dnn_text_detection\dnn_text_detection.vcxproj", "{F7D795B4-A6F7-4BDB-8B1B-FC2401608E75}"
EndProject
Project("{8BC9CEB8-8B4A-11D0-8D11-00A0C91BC942}") = "_opencv_helloword", "opencv_helloword\opencv_helloword.vcxproj", "{99C7FC03-0A6F-4B51-9E3E-FE73533D7595}"
EndProject
Project("{8BC9CEB8-8B4A-11D0-8D11-00A0C91BC942}") = "opencv_tesseract_test", "opencv_tesseract_test\opencv_tesseract_test.vcxproj", "{31F8D0D4-F35E-43D2-AC57-954E1460D00F}"
EndProject
Project("{8BC9CEB8-8B4A-11D0-8D11-00A0C91BC942}") = "opencv_process_image", "opencv_process_image\opencv_process_image.vcxproj", "{306A89C3-FC7F-4DB4-A218-7B4D83E3A481}"
EndProject
Project("{8BC9CEB8-8B4A-11D0-8D11-00A0C91BC942}") = "opencv_remove_table_border_lines", "opencv_remove_table_border_lines\opencv_remove_table_border_lines.vcxproj", "{12CCAE5D-2660-4CE4-AC02-BDCAB51EFC2E}"
EndProject
Project("{8BC9CEB8-8B4A-11D0-8D11-00A0C91BC942}") = "RobustTextDetection", "RobustTextDetection\RobustTextDetection.vcxproj", "{A78C03C7-A7F7-4A3B-ADF6-FDA9ACDC6BEA}"
EndProject
Project("{8BC9CEB8-8B4A-11D0-8D11-00A0C91BC942}") = "detect_circles", "detect_circles\detect_circles.vcxproj", "{D0531FA8-8B0C-4973-A837-9C6C54C03CFB}"
EndProject
Project("{8BC9CEB8-8B4A-11D0-8D11-00A0C91BC942}") = "detect_canny_edge_detector", "detect_canny_edge_detector\detect_canny_edge_detector.vcxproj", "{89E59994-08B3-4384-9D5F-28310E6EFEA8}"
EndProject
Project("{8BC9CEB8-8B4A-11D0-8D11-00A0C91BC942}") = "detect_circle___Hough_Circle_Transform", "detect_circle___Hough_Circle_Transform\detect_circle___Hough_Circle_Transform.vcxproj", "{0EAA2B86-78C8-4187-AAB9-FCC7C8D96A23}"
EndProject
Project("{8BC9CEB8-8B4A-11D0-8D11-00A0C91BC942}") = "process_image_cmt", "process_image_cmt\process_image_cmt.vcxproj", "{40662D95-5730-405F-BF15-B33052D465F2}"
EndProject
Global
	GlobalSection(SolutionConfigurationPlatforms) = preSolution
		Debug|x64 = Debug|x64
		Debug|x86 = Debug|x86
		Release|x64 = Release|x64
		Release|x86 = Release|x86
	EndGlobalSection
	GlobalSection(ProjectConfigurationPlatforms) = postSolution
		{50B57F0C-90D0-4ABB-A0F2-65FF9501268C}.Debug|x64.ActiveCfg = Debug|x64
		{50B57F0C-90D0-4ABB-A0F2-65FF9501268C}.Debug|x64.Build.0 = Debug|x64
		{50B57F0C-90D0-4ABB-A0F2-65FF9501268C}.Debug|x86.ActiveCfg = Debug|Win32
		{50B57F0C-90D0-4ABB-A0F2-65FF9501268C}.Debug|x86.Build.0 = Debug|Win32
		{50B57F0C-90D0-4ABB-A0F2-65FF9501268C}.Release|x64.ActiveCfg = Release|x64
		{50B57F0C-90D0-4ABB-A0F2-65FF9501268C}.Release|x64.Build.0 = Release|x64
		{50B57F0C-90D0-4ABB-A0F2-65FF9501268C}.Release|x86.ActiveCfg = Release|Win32
		{50B57F0C-90D0-4ABB-A0F2-65FF9501268C}.Release|x86.Build.0 = Release|Win32
		{FB1361E3-1151-4150-99B9-8F78D7FF0FA7}.Debug|x64.ActiveCfg = Debug|x64
		{FB1361E3-1151-4150-99B9-8F78D7FF0FA7}.Debug|x64.Build.0 = Debug|x64
		{FB1361E3-1151-4150-99B9-8F78D7FF0FA7}.Debug|x86.ActiveCfg = Debug|Win32
		{FB1361E3-1151-4150-99B9-8F78D7FF0FA7}.Debug|x86.Build.0 = Debug|Win32
		{FB1361E3-1151-4150-99B9-8F78D7FF0FA7}.Release|x64.ActiveCfg = Release|x64
		{FB1361E3-1151-4150-99B9-8F78D7FF0FA7}.Release|x64.Build.0 = Release|x64
		{FB1361E3-1151-4150-99B9-8F78D7FF0FA7}.Release|x86.ActiveCfg = Release|Win32
		{FB1361E3-1151-4150-99B9-8F78D7FF0FA7}.Release|x86.Build.0 = Release|Win32
		{FFC53CC6-1289-432C-B069-74AAF4EDA657}.Debug|x64.ActiveCfg = Debug|x64
		{FFC53CC6-1289-432C-B069-74AAF4EDA657}.Debug|x64.Build.0 = Debug|x64
		{FFC53CC6-1289-432C-B069-74AAF4EDA657}.Debug|x86.ActiveCfg = Debug|Win32
		{FFC53CC6-1289-432C-B069-74AAF4EDA657}.Debug|x86.Build.0 = Debug|Win32
		{FFC53CC6-1289-432C-B069-74AAF4EDA657}.Release|x64.ActiveCfg = Release|x64
		{FFC53CC6-1289-432C-B069-74AAF4EDA657}.Release|x64.Build.0 = Release|x64
		{FFC53CC6-1289-432C-B069-74AAF4EDA657}.Release|x86.ActiveCfg = Release|Win32
		{FFC53CC6-1289-432C-B069-74AAF4EDA657}.Release|x86.Build.0 = Release|Win32
		{1392D725-BE31-46C0-895E-E4CC1F3D7D20}.Debug|x64.ActiveCfg = Debug|x64
		{1392D725-BE31-46C0-895E-E4CC1F3D7D20}.Debug|x64.Build.0 = Debug|x64
		{1392D725-BE31-46C0-895E-E4CC1F3D7D20}.Debug|x86.ActiveCfg = Debug|Win32
		{1392D725-BE31-46C0-895E-E4CC1F3D7D20}.Debug|x86.Build.0 = Debug|Win32
		{1392D725-BE31-46C0-895E-E4CC1F3D7D20}.Release|x64.ActiveCfg = Release|x64
		{1392D725-BE31-46C0-895E-E4CC1F3D7D20}.Release|x64.Build.0 = Release|x64
		{1392D725-BE31-46C0-895E-E4CC1F3D7D20}.Release|x86.ActiveCfg = Release|Win32
		{1392D725-BE31-46C0-895E-E4CC1F3D7D20}.Release|x86.Build.0 = Release|Win32
		{B2442E71-836D-4C26-827F-671798D5BE44}.Debug|x64.ActiveCfg = Debug|x64
		{B2442E71-836D-4C26-827F-671798D5BE44}.Debug|x64.Build.0 = Debug|x64
		{B2442E71-836D-4C26-827F-671798D5BE44}.Debug|x86.ActiveCfg = Debug|Win32
		{B2442E71-836D-4C26-827F-671798D5BE44}.Debug|x86.Build.0 = Debug|Win32
		{B2442E71-836D-4C26-827F-671798D5BE44}.Release|x64.ActiveCfg = Release|x64
		{B2442E71-836D-4C26-827F-671798D5BE44}.Release|x64.Build.0 = Release|x64
		{B2442E71-836D-4C26-827F-671798D5BE44}.Release|x86.ActiveCfg = Release|Win32
		{B2442E71-836D-4C26-827F-671798D5BE44}.Release|x86.Build.0 = Release|Win32
		{EC7D9EAB-A4A2-40CB-9B18-52BFA6C736E3}.Debug|x64.ActiveCfg = Debug|x64
		{EC7D9EAB-A4A2-40CB-9B18-52BFA6C736E3}.Debug|x64.Build.0 = Debug|x64
		{EC7D9EAB-A4A2-40CB-9B18-52BFA6C736E3}.Debug|x86.ActiveCfg = Debug|Win32
		{EC7D9EAB-A4A2-40CB-9B18-52BFA6C736E3}.Debug|x86.Build.0 = Debug|Win32
		{EC7D9EAB-A4A2-40CB-9B18-52BFA6C736E3}.Release|x64.ActiveCfg = Release|x64
		{EC7D9EAB-A4A2-40CB-9B18-52BFA6C736E3}.Release|x64.Build.0 = Release|x64
		{EC7D9EAB-A4A2-40CB-9B18-52BFA6C736E3}.Release|x86.ActiveCfg = Release|Win32
		{EC7D9EAB-A4A2-40CB-9B18-52BFA6C736E3}.Release|x86.Build.0 = Release|Win32
		{7A20402F-905C-44A4-876A-30350F28634F}.Debug|x64.ActiveCfg = Debug|x64
		{7A20402F-905C-44A4-876A-30350F28634F}.Debug|x64.Build.0 = Debug|x64
		{7A20402F-905C-44A4-876A-30350F28634F}.Debug|x86.ActiveCfg = Debug|Win32
		{7A20402F-905C-44A4-876A-30350F28634F}.Debug|x86.Build.0 = Debug|Win32
		{7A20402F-905C-44A4-876A-30350F28634F}.Release|x64.ActiveCfg = Release|x64
		{7A20402F-905C-44A4-876A-30350F28634F}.Release|x64.Build.0 = Release|x64
		{7A20402F-905C-44A4-876A-30350F28634F}.Release|x86.ActiveCfg = Release|Win32
		{7A20402F-905C-44A4-876A-30350F28634F}.Release|x86.Build.0 = Release|Win32
		{DE1A91D4-8BF4-43E6-B9C5-9A4AC6909B66}.Debug|x64.ActiveCfg = Debug|x64
		{DE1A91D4-8BF4-43E6-B9C5-9A4AC6909B66}.Debug|x64.Build.0 = Debug|x64
		{DE1A91D4-8BF4-43E6-B9C5-9A4AC6909B66}.Debug|x86.ActiveCfg = Debug|Win32
		{DE1A91D4-8BF4-43E6-B9C5-9A4AC6909B66}.Debug|x86.Build.0 = Debug|Win32
		{DE1A91D4-8BF4-43E6-B9C5-9A4AC6909B66}.Release|x64.ActiveCfg = Release|x64
		{DE1A91D4-8BF4-43E6-B9C5-9A4AC6909B66}.Release|x64.Build.0 = Release|x64
		{DE1A91D4-8BF4-43E6-B9C5-9A4AC6909B66}.Release|x86.ActiveCfg = Release|Win32
		{DE1A91D4-8BF4-43E6-B9C5-9A4AC6909B66}.Release|x86.Build.0 = Release|Win32
		{0897AECC-89E1-4498-84BD-CEAC7597499C}.Debug|x64.ActiveCfg = Debug|x64
		{0897AECC-89E1-4498-84BD-CEAC7597499C}.Debug|x64.Build.0 = Debug|x64
		{0897AECC-89E1-4498-84BD-CEAC7597499C}.Debug|x86.ActiveCfg = Debug|Win32
		{0897AECC-89E1-4498-84BD-CEAC7597499C}.Debug|x86.Build.0 = Debug|Win32
		{0897AECC-89E1-4498-84BD-CEAC7597499C}.Release|x64.ActiveCfg = Release|x64
		{0897AECC-89E1-4498-84BD-CEAC7597499C}.Release|x64.Build.0 = Release|x64
		{0897AECC-89E1-4498-84BD-CEAC7597499C}.Release|x86.ActiveCfg = Release|Win32
		{0897AECC-89E1-4498-84BD-CEAC7597499C}.Release|x86.Build.0 = Release|Win32
		{1D7C2F0C-B0A3-4CE5-8CB4-916497EF7388}.Debug|x64.ActiveCfg = Debug|x64
		{1D7C2F0C-B0A3-4CE5-8CB4-916497EF7388}.Debug|x64.Build.0 = Debug|x64
		{1D7C2F0C-B0A3-4CE5-8CB4-916497EF7388}.Debug|x86.ActiveCfg = Debug|Win32
		{1D7C2F0C-B0A3-4CE5-8CB4-916497EF7388}.Debug|x86.Build.0 = Debug|Win32
		{1D7C2F0C-B0A3-4CE5-8CB4-916497EF7388}.Release|x64.ActiveCfg = Release|x64
		{1D7C2F0C-B0A3-4CE5-8CB4-916497EF7388}.Release|x64.Build.0 = Release|x64
		{1D7C2F0C-B0A3-4CE5-8CB4-916497EF7388}.Release|x86.ActiveCfg = Release|Win32
		{1D7C2F0C-B0A3-4CE5-8CB4-916497EF7388}.Release|x86.Build.0 = Release|Win32
		{CB48949D-5C80-4C31-ADC9-A6254DB183E0}.Debug|x64.ActiveCfg = Debug|x64
		{CB48949D-5C80-4C31-ADC9-A6254DB183E0}.Debug|x64.Build.0 = Debug|x64
		{CB48949D-5C80-4C31-ADC9-A6254DB183E0}.Debug|x86.ActiveCfg = Debug|Win32
		{CB48949D-5C80-4C31-ADC9-A6254DB183E0}.Debug|x86.Build.0 = Debug|Win32
		{CB48949D-5C80-4C31-ADC9-A6254DB183E0}.Release|x64.ActiveCfg = Release|x64
		{CB48949D-5C80-4C31-ADC9-A6254DB183E0}.Release|x64.Build.0 = Release|x64
		{CB48949D-5C80-4C31-ADC9-A6254DB183E0}.Release|x86.ActiveCfg = Release|Win32
		{CB48949D-5C80-4C31-ADC9-A6254DB183E0}.Release|x86.Build.0 = Release|Win32
		{806B2F25-B5AA-4223-B6C9-926BB2AF809E}.Debug|x64.ActiveCfg = Debug|x64
		{806B2F25-B5AA-4223-B6C9-926BB2AF809E}.Debug|x64.Build.0 = Debug|x64
		{806B2F25-B5AA-4223-B6C9-926BB2AF809E}.Debug|x86.ActiveCfg = Debug|Win32
		{806B2F25-B5AA-4223-B6C9-926BB2AF809E}.Debug|x86.Build.0 = Debug|Win32
		{806B2F25-B5AA-4223-B6C9-926BB2AF809E}.Release|x64.ActiveCfg = Release|x64
		{806B2F25-B5AA-4223-B6C9-926BB2AF809E}.Release|x64.Build.0 = Release|x64
		{806B2F25-B5AA-4223-B6C9-926BB2AF809E}.Release|x86.ActiveCfg = Release|Win32
		{806B2F25-B5AA-4223-B6C9-926BB2AF809E}.Release|x86.Build.0 = Release|Win32
		{BA42AEFC-3E01-4B6A-8A63-5A771E46FF75}.Debug|x64.ActiveCfg = Debug|x64
		{BA42AEFC-3E01-4B6A-8A63-5A771E46FF75}.Debug|x64.Build.0 = Debug|x64
		{BA42AEFC-3E01-4B6A-8A63-5A771E46FF75}.Debug|x86.ActiveCfg = Debug|Win32
		{BA42AEFC-3E01-4B6A-8A63-5A771E46FF75}.Debug|x86.Build.0 = Debug|Win32
		{BA42AEFC-3E01-4B6A-8A63-5A771E46FF75}.Release|x64.ActiveCfg = Release|x64
		{BA42AEFC-3E01-4B6A-8A63-5A771E46FF75}.Release|x64.Build.0 = Release|x64
		{BA42AEFC-3E01-4B6A-8A63-5A771E46FF75}.Release|x86.ActiveCfg = Release|Win32
		{BA42AEFC-3E01-4B6A-8A63-5A771E46FF75}.Release|x86.Build.0 = Release|Win32
		{48E55B11-D077-426C-AA0C-1625B4D99B09}.Debug|x64.ActiveCfg = Debug|x64
		{48E55B11-D077-426C-AA0C-1625B4D99B09}.Debug|x64.Build.0 = Debug|x64
		{48E55B11-D077-426C-AA0C-1625B4D99B09}.Debug|x86.ActiveCfg = Debug|Win32
		{48E55B11-D077-426C-AA0C-1625B4D99B09}.Debug|x86.Build.0 = Debug|Win32
		{48E55B11-D077-426C-AA0C-1625B4D99B09}.Release|x64.ActiveCfg = Release|x64
		{48E55B11-D077-426C-AA0C-1625B4D99B09}.Release|x64.Build.0 = Release|x64
		{48E55B11-D077-426C-AA0C-1625B4D99B09}.Release|x86.ActiveCfg = Release|Win32
		{48E55B11-D077-426C-AA0C-1625B4D99B09}.Release|x86.Build.0 = Release|Win32
		{8F0C1D39-FCCE-4DA4-BA88-A9F160703962}.Debug|x64.ActiveCfg = Debug|x64
		{8F0C1D39-FCCE-4DA4-BA88-A9F160703962}.Debug|x64.Build.0 = Debug|x64
		{8F0C1D39-FCCE-4DA4-BA88-A9F160703962}.Debug|x86.ActiveCfg = Debug|Win32
		{8F0C1D39-FCCE-4DA4-BA88-A9F160703962}.Debug|x86.Build.0 = Debug|Win32
		{8F0C1D39-FCCE-4DA4-BA88-A9F160703962}.Release|x64.ActiveCfg = Release|x64
		{8F0C1D39-FCCE-4DA4-BA88-A9F160703962}.Release|x64.Build.0 = Release|x64
		{8F0C1D39-FCCE-4DA4-BA88-A9F160703962}.Release|x86.ActiveCfg = Release|Win32
		{8F0C1D39-FCCE-4DA4-BA88-A9F160703962}.Release|x86.Build.0 = Release|Win32
		{F7D795B4-A6F7-4BDB-8B1B-FC2401608E75}.Debug|x64.ActiveCfg = Debug|x64
		{F7D795B4-A6F7-4BDB-8B1B-FC2401608E75}.Debug|x64.Build.0 = Debug|x64
		{F7D795B4-A6F7-4BDB-8B1B-FC2401608E75}.Debug|x86.ActiveCfg = Debug|Win32
		{F7D795B4-A6F7-4BDB-8B1B-FC2401608E75}.Debug|x86.Build.0 = Debug|Win32
		{F7D795B4-A6F7-4BDB-8B1B-FC2401608E75}.Release|x64.ActiveCfg = Release|x64
		{F7D795B4-A6F7-4BDB-8B1B-FC2401608E75}.Release|x64.Build.0 = Release|x64
		{F7D795B4-A6F7-4BDB-8B1B-FC2401608E75}.Release|x86.ActiveCfg = Release|Win32
		{F7D795B4-A6F7-4BDB-8B1B-FC2401608E75}.Release|x86.Build.0 = Release|Win32
		{99C7FC03-0A6F-4B51-9E3E-FE73533D7595}.Debug|x64.ActiveCfg = Debug|x64
		{99C7FC03-0A6F-4B51-9E3E-FE73533D7595}.Debug|x64.Build.0 = Debug|x64
		{99C7FC03-0A6F-4B51-9E3E-FE73533D7595}.Debug|x86.ActiveCfg = Debug|Win32
		{99C7FC03-0A6F-4B51-9E3E-FE73533D7595}.Debug|x86.Build.0 = Debug|Win32
		{99C7FC03-0A6F-4B51-9E3E-FE73533D7595}.Release|x64.ActiveCfg = Release|x64
		{99C7FC03-0A6F-4B51-9E3E-FE73533D7595}.Release|x64.Build.0 = Release|x64
		{99C7FC03-0A6F-4B51-9E3E-FE73533D7595}.Release|x86.ActiveCfg = Release|Win32
		{99C7FC03-0A6F-4B51-9E3E-FE73533D7595}.Release|x86.Build.0 = Release|Win32
		{31F8D0D4-F35E-43D2-AC57-954E1460D00F}.Debug|x64.ActiveCfg = Debug|x64
		{31F8D0D4-F35E-43D2-AC57-954E1460D00F}.Debug|x64.Build.0 = Debug|x64
		{31F8D0D4-F35E-43D2-AC57-954E1460D00F}.Debug|x86.ActiveCfg = Debug|Win32
		{31F8D0D4-F35E-43D2-AC57-954E1460D00F}.Debug|x86.Build.0 = Debug|Win32
		{31F8D0D4-F35E-43D2-AC57-954E1460D00F}.Release|x64.ActiveCfg = Release|x64
		{31F8D0D4-F35E-43D2-AC57-954E1460D00F}.Release|x64.Build.0 = Release|x64
		{31F8D0D4-F35E-43D2-AC57-954E1460D00F}.Release|x86.ActiveCfg = Release|Win32
		{31F8D0D4-F35E-43D2-AC57-954E1460D00F}.Release|x86.Build.0 = Release|Win32
		{306A89C3-FC7F-4DB4-A218-7B4D83E3A481}.Debug|x64.ActiveCfg = Debug|x64
		{306A89C3-FC7F-4DB4-A218-7B4D83E3A481}.Debug|x64.Build.0 = Debug|x64
		{306A89C3-FC7F-4DB4-A218-7B4D83E3A481}.Debug|x86.ActiveCfg = Debug|Win32
		{306A89C3-FC7F-4DB4-A218-7B4D83E3A481}.Debug|x86.Build.0 = Debug|Win32
		{306A89C3-FC7F-4DB4-A218-7B4D83E3A481}.Release|x64.ActiveCfg = Release|x64
		{306A89C3-FC7F-4DB4-A218-7B4D83E3A481}.Release|x64.Build.0 = Release|x64
		{306A89C3-FC7F-4DB4-A218-7B4D83E3A481}.Release|x86.ActiveCfg = Release|Win32
		{306A89C3-FC7F-4DB4-A218-7B4D83E3A481}.Release|x86.Build.0 = Release|Win32
		{12CCAE5D-2660-4CE4-AC02-BDCAB51EFC2E}.Debug|x64.ActiveCfg = Debug|x64
		{12CCAE5D-2660-4CE4-AC02-BDCAB51EFC2E}.Debug|x64.Build.0 = Debug|x64
		{12CCAE5D-2660-4CE4-AC02-BDCAB51EFC2E}.Debug|x86.ActiveCfg = Debug|Win32
		{12CCAE5D-2660-4CE4-AC02-BDCAB51EFC2E}.Debug|x86.Build.0 = Debug|Win32
		{12CCAE5D-2660-4CE4-AC02-BDCAB51EFC2E}.Release|x64.ActiveCfg = Release|x64
		{12CCAE5D-2660-4CE4-AC02-BDCAB51EFC2E}.Release|x64.Build.0 = Release|x64
		{12CCAE5D-2660-4CE4-AC02-BDCAB51EFC2E}.Release|x86.ActiveCfg = Release|Win32
		{12CCAE5D-2660-4CE4-AC02-BDCAB51EFC2E}.Release|x86.Build.0 = Release|Win32
		{A78C03C7-A7F7-4A3B-ADF6-FDA9ACDC6BEA}.Debug|x64.ActiveCfg = Debug|x64
		{A78C03C7-A7F7-4A3B-ADF6-FDA9ACDC6BEA}.Debug|x64.Build.0 = Debug|x64
		{A78C03C7-A7F7-4A3B-ADF6-FDA9ACDC6BEA}.Debug|x86.ActiveCfg = Debug|Win32
		{A78C03C7-A7F7-4A3B-ADF6-FDA9ACDC6BEA}.Debug|x86.Build.0 = Debug|Win32
		{A78C03C7-A7F7-4A3B-ADF6-FDA9ACDC6BEA}.Release|x64.ActiveCfg = Release|x64
		{A78C03C7-A7F7-4A3B-ADF6-FDA9ACDC6BEA}.Release|x64.Build.0 = Release|x64
		{A78C03C7-A7F7-4A3B-ADF6-FDA9ACDC6BEA}.Release|x86.ActiveCfg = Release|Win32
		{A78C03C7-A7F7-4A3B-ADF6-FDA9ACDC6BEA}.Release|x86.Build.0 = Release|Win32
		{D0531FA8-8B0C-4973-A837-9C6C54C03CFB}.Debug|x64.ActiveCfg = Debug|x64
		{D0531FA8-8B0C-4973-A837-9C6C54C03CFB}.Debug|x64.Build.0 = Debug|x64
		{D0531FA8-8B0C-4973-A837-9C6C54C03CFB}.Debug|x86.ActiveCfg = Debug|Win32
		{D0531FA8-8B0C-4973-A837-9C6C54C03CFB}.Debug|x86.Build.0 = Debug|Win32
		{D0531FA8-8B0C-4973-A837-9C6C54C03CFB}.Release|x64.ActiveCfg = Release|x64
		{D0531FA8-8B0C-4973-A837-9C6C54C03CFB}.Release|x64.Build.0 = Release|x64
		{D0531FA8-8B0C-4973-A837-9C6C54C03CFB}.Release|x86.ActiveCfg = Release|Win32
		{D0531FA8-8B0C-4973-A837-9C6C54C03CFB}.Release|x86.Build.0 = Release|Win32
		{89E59994-08B3-4384-9D5F-28310E6EFEA8}.Debug|x64.ActiveCfg = Debug|x64
		{89E59994-08B3-4384-9D5F-28310E6EFEA8}.Debug|x64.Build.0 = Debug|x64
		{89E59994-08B3-4384-9D5F-28310E6EFEA8}.Debug|x86.ActiveCfg = Debug|Win32
		{89E59994-08B3-4384-9D5F-28310E6EFEA8}.Debug|x86.Build.0 = Debug|Win32
		{89E59994-08B3-4384-9D5F-28310E6EFEA8}.Release|x64.ActiveCfg = Release|x64
		{89E59994-08B3-4384-9D5F-28310E6EFEA8}.Release|x64.Build.0 = Release|x64
		{89E59994-08B3-4384-9D5F-28310E6EFEA8}.Release|x86.ActiveCfg = Release|Win32
		{89E59994-08B3-4384-9D5F-28310E6EFEA8}.Release|x86.Build.0 = Release|Win32
		{0EAA2B86-78C8-4187-AAB9-FCC7C8D96A23}.Debug|x64.ActiveCfg = Debug|x64
		{0EAA2B86-78C8-4187-AAB9-FCC7C8D96A23}.Debug|x64.Build.0 = Debug|x64
		{0EAA2B86-78C8-4187-AAB9-FCC7C8D96A23}.Debug|x86.ActiveCfg = Debug|Win32
		{0EAA2B86-78C8-4187-AAB9-FCC7C8D96A23}.Debug|x86.Build.0 = Debug|Win32
		{0EAA2B86-78C8-4187-AAB9-FCC7C8D96A23}.Release|x64.ActiveCfg = Release|x64
		{0EAA2B86-78C8-4187-AAB9-FCC7C8D96A23}.Release|x64.Build.0 = Release|x64
		{0EAA2B86-78C8-4187-AAB9-FCC7C8D96A23}.Release|x86.ActiveCfg = Release|Win32
		{0EAA2B86-78C8-4187-AAB9-FCC7C8D96A23}.Release|x86.Build.0 = Release|Win32
		{40662D95-5730-405F-BF15-B33052D465F2}.Debug|x64.ActiveCfg = Debug|x64
		{40662D95-5730-405F-BF15-B33052D465F2}.Debug|x64.Build.0 = Debug|x64
		{40662D95-5730-405F-BF15-B33052D465F2}.Debug|x86.ActiveCfg = Debug|Win32
		{40662D95-5730-405F-BF15-B33052D465F2}.Debug|x86.Build.0 = Debug|Win32
		{40662D95-5730-405F-BF15-B33052D465F2}.Release|x64.ActiveCfg = Release|x64
		{40662D95-5730-405F-BF15-B33052D465F2}.Release|x64.Build.0 = Release|x64
		{40662D95-5730-405F-BF15-B33052D465F2}.Release|x86.ActiveCfg = Release|Win32
		{40662D95-5730-405F-BF15-B33052D465F2}.Release|x86.Build.0 = Release|Win32
	EndGlobalSection
	GlobalSection(SolutionProperties) = preSolution
		HideSolutionNode = FALSE
	EndGlobalSection
	GlobalSection(NestedProjects) = preSolution
		{FB1361E3-1151-4150-99B9-8F78D7FF0FA7} = {4E1BCA91-E8DD-418A-85D1-3F74567E0BDD}
		{FFC53CC6-1289-432C-B069-74AAF4EDA657} = {4E1BCA91-E8DD-418A-85D1-3F74567E0BDD}
		{1392D725-BE31-46C0-895E-E4CC1F3D7D20} = {4E1BCA91-E8DD-418A-85D1-3F74567E0BDD}
		{B2442E71-836D-4C26-827F-671798D5BE44} = {4E1BCA91-E8DD-418A-85D1-3F74567E0BDD}
		{EC7D9EAB-A4A2-40CB-9B18-52BFA6C736E3} = {4E1BCA91-E8DD-418A-85D1-3F74567E0BDD}
		{7A20402F-905C-44A4-876A-30350F28634F} = {4E1BCA91-E8DD-418A-85D1-3F74567E0BDD}
		{DE1A91D4-8BF4-43E6-B9C5-9A4AC6909B66} = {4E1BCA91-E8DD-418A-85D1-3F74567E0BDD}
		{0897AECC-89E1-4498-84BD-CEAC7597499C} = {4E1BCA91-E8DD-418A-85D1-3F74567E0BDD}
		{1D7C2F0C-B0A3-4CE5-8CB4-916497EF7388} = {4E1BCA91-E8DD-418A-85D1-3F74567E0BDD}
		{CB48949D-5C80-4C31-ADC9-A6254DB183E0} = {4E1BCA91-E8DD-418A-85D1-3F74567E0BDD}
		{806B2F25-B5AA-4223-B6C9-926BB2AF809E} = {4E1BCA91-E8DD-418A-85D1-3F74567E0BDD}
		{BA42AEFC-3E01-4B6A-8A63-5A771E46FF75} = {4E1BCA91-E8DD-418A-85D1-3F74567E0BDD}
		{48E55B11-D077-426C-AA0C-1625B4D99B09} = {4E1BCA91-E8DD-418A-85D1-3F74567E0BDD}
		{8F0C1D39-FCCE-4DA4-BA88-A9F160703962} = {4E1BCA91-E8DD-418A-85D1-3F74567E0BDD}
		{F7D795B4-A6F7-4BDB-8B1B-FC2401608E75} = {4E1BCA91-E8DD-418A-85D1-3F74567E0BDD}
		{99C7FC03-0A6F-4B51-9E3E-FE73533D7595} = {4E1BCA91-E8DD-418A-85D1-3F74567E0BDD}
	EndGlobalSection
	GlobalSection(ExtensibilityGlobals) = postSolution
		SolutionGuid = {1C1C4FC7-053E-4639-B3CB-44F3497FA9FD}
	EndGlobalSection
EndGlobal
